
Microsoft Visual Studio Solution File, Format Version 12.00
# Visual Studio Version 16
VisualStudioVersion = 25.0.1704.3
MinimumVisualStudioVersion = 10.0.40219.1
Project("{FAE04EC0-301F-11D3-BF4B-00C04F79EFBC}") = "ex_001", "ex_001\ex_001.csproj", "{F4F2B246-E629-42AF-A006-FA3A616D13DC}"
EndProject
Global
	GlobalSection(SolutionConfigurationPlatforms) = preSolution
		Debug|Any CPU = Debug|Any CPU
		Release|Any CPU = Release|Any CPU
	EndGlobalSection
	GlobalSection(ProjectConfigurationPlatforms) = postSolution
		{F4F2B246-E629-42AF-A006-FA3A616D13DC}.Debug|Any CPU.ActiveCfg = Debug|Any CPU
		{F4F2B246-E629-42AF-A006-FA3A616D13DC}.Debug|Any CPU.Build.0 = Debug|Any CPU
		{F4F2B246-E629-42AF-A006-FA3A616D13DC}.Release|Any CPU.ActiveCfg = Release|Any CPU
		{F4F2B246-E629-42AF-A006-FA3A616D13DC}.Release|Any CPU.Build.0 = Release|Any CPU
	EndGlobalSection
	GlobalSection(SolutionProperties) = preSolution
		HideSolutionNode = FALSE
	EndGlobalSection
	GlobalSection(ExtensibilityGlobals) = postSolution
		SolutionGuid = {DC6F677D-C783-4C7D-A8EA-E3BCE0C22933}
	EndGlobalSection
EndGlobal
