
Microsoft Visual Studio Solution File, Format Version 12.00
# Visual Studio Version 16
VisualStudioVersion = 25.0.1705.0
MinimumVisualStudioVersion = 10.0.40219.1
Project("{FAE04EC0-301F-11D3-BF4B-00C04F79EFBC}") = "ex_002.ex_003.ex_004.ex_005", "ex_002.ex_003.ex_004.ex_005\ex_002.ex_003.ex_004.ex_005.csproj", "{851545EE-5384-4528-B50B-8C0309C4B41D}"
EndProject
Global
	GlobalSection(SolutionConfigurationPlatforms) = preSolution
		Debug|Any CPU = Debug|Any CPU
		Release|Any CPU = Release|Any CPU
	EndGlobalSection
	GlobalSection(ProjectConfigurationPlatforms) = postSolution
		{851545EE-5384-4528-B50B-8C0309C4B41D}.Debug|Any CPU.ActiveCfg = Debug|Any CPU
		{851545EE-5384-4528-B50B-8C0309C4B41D}.Debug|Any CPU.Build.0 = Debug|Any CPU
		{851545EE-5384-4528-B50B-8C0309C4B41D}.Release|Any CPU.ActiveCfg = Release|Any CPU
		{851545EE-5384-4528-B50B-8C0309C4B41D}.Release|Any CPU.Build.0 = Release|Any CPU
	EndGlobalSection
	GlobalSection(SolutionProperties) = preSolution
		HideSolutionNode = FALSE
	EndGlobalSection
	GlobalSection(ExtensibilityGlobals) = postSolution
		SolutionGuid = {AE567E33-525D-4276-8F1B-1BFB011D7B06}
	EndGlobalSection
EndGlobal
