
Microsoft Visual Studio Solution File, Format Version 12.00
# Visual Studio Version 16
VisualStudioVersion = 25.0.1704.5
MinimumVisualStudioVersion = 10.0.40219.1
Project("{FAE04EC0-301F-11D3-BF4B-00C04F79EFBC}") = "ex_002.ex_003.ex_004.ex_005", "ex_002\ex_002.ex_003.ex_004.ex_005.csproj", "{746F6E2C-F6A6-4C20-93DA-1DEB0ECE93FC}"
EndProject
Global
	GlobalSection(SolutionConfigurationPlatforms) = preSolution
		Debug|Any CPU = Debug|Any CPU
		Release|Any CPU = Release|Any CPU
	EndGlobalSection
	GlobalSection(ProjectConfigurationPlatforms) = postSolution
		{746F6E2C-F6A6-4C20-93DA-1DEB0ECE93FC}.Debug|Any CPU.ActiveCfg = Debug|Any CPU
		{746F6E2C-F6A6-4C20-93DA-1DEB0ECE93FC}.Debug|Any CPU.Build.0 = Debug|Any CPU
		{746F6E2C-F6A6-4C20-93DA-1DEB0ECE93FC}.Release|Any CPU.ActiveCfg = Release|Any CPU
		{746F6E2C-F6A6-4C20-93DA-1DEB0ECE93FC}.Release|Any CPU.Build.0 = Release|Any CPU
	EndGlobalSection
	GlobalSection(SolutionProperties) = preSolution
		HideSolutionNode = FALSE
	EndGlobalSection
	GlobalSection(ExtensibilityGlobals) = postSolution
		SolutionGuid = {2D730483-55C4-4534-A0EF-EFB2A59187C6}
	EndGlobalSection
EndGlobal
