
Microsoft Visual Studio Solution File, Format Version 12.00
# Visual Studio Version 16
VisualStudioVersion = 25.0.1705.0
MinimumVisualStudioVersion = 10.0.40219.1
Project("{FAE04EC0-301F-11D3-BF4B-00C04F79EFBC}") = "ex_004.ex_005", "ex_004.ex_005\ex_004.ex_005.csproj", "{3949B4FA-49C2-4541-A72A-469371665FD2}"
EndProject
Project("{FAE04EC0-301F-11D3-BF4B-00C04F79EFBC}") = "ex_004.ex_005.Teste", "ex_004.ex_005.Teste\ex_004.ex_005.Teste.csproj", "{8227A14E-B8B2-4323-BE1D-BF43E05D4D7F}"
EndProject
Global
	GlobalSection(SolutionConfigurationPlatforms) = preSolution
		Debug|Any CPU = Debug|Any CPU
		Release|Any CPU = Release|Any CPU
	EndGlobalSection
	GlobalSection(ProjectConfigurationPlatforms) = postSolution
		{3949B4FA-49C2-4541-A72A-469371665FD2}.Debug|Any CPU.ActiveCfg = Debug|Any CPU
		{3949B4FA-49C2-4541-A72A-469371665FD2}.Debug|Any CPU.Build.0 = Debug|Any CPU
		{3949B4FA-49C2-4541-A72A-469371665FD2}.Release|Any CPU.ActiveCfg = Release|Any CPU
		{3949B4FA-49C2-4541-A72A-469371665FD2}.Release|Any CPU.Build.0 = Release|Any CPU
		{8227A14E-B8B2-4323-BE1D-BF43E05D4D7F}.Debug|Any CPU.ActiveCfg = Debug|Any CPU
		{8227A14E-B8B2-4323-BE1D-BF43E05D4D7F}.Debug|Any CPU.Build.0 = Debug|Any CPU
		{8227A14E-B8B2-4323-BE1D-BF43E05D4D7F}.Release|Any CPU.ActiveCfg = Release|Any CPU
		{8227A14E-B8B2-4323-BE1D-BF43E05D4D7F}.Release|Any CPU.Build.0 = Release|Any CPU
	EndGlobalSection
	GlobalSection(SolutionProperties) = preSolution
		HideSolutionNode = FALSE
	EndGlobalSection
	GlobalSection(ExtensibilityGlobals) = postSolution
		SolutionGuid = {EF534A5F-FF79-4D71-8399-3AE4BFF20906}
	EndGlobalSection
EndGlobal
