
Microsoft Visual Studio Solution File, Format Version 12.00
# Visual Studio Version 16
VisualStudioVersion = 25.0.1705.0
MinimumVisualStudioVersion = 10.0.40219.1
Project("{FAE04EC0-301F-11D3-BF4B-00C04F79EFBC}") = "ex_002", "ex_002\ex_002.csproj", "{70B6AF49-66D5-4E63-89D6-E01036272B38}"
EndProject
Global
	GlobalSection(SolutionConfigurationPlatforms) = preSolution
		Debug|Any CPU = Debug|Any CPU
		Release|Any CPU = Release|Any CPU
	EndGlobalSection
	GlobalSection(ProjectConfigurationPlatforms) = postSolution
		{70B6AF49-66D5-4E63-89D6-E01036272B38}.Debug|Any CPU.ActiveCfg = Debug|Any CPU
		{70B6AF49-66D5-4E63-89D6-E01036272B38}.Debug|Any CPU.Build.0 = Debug|Any CPU
		{70B6AF49-66D5-4E63-89D6-E01036272B38}.Release|Any CPU.ActiveCfg = Release|Any CPU
		{70B6AF49-66D5-4E63-89D6-E01036272B38}.Release|Any CPU.Build.0 = Release|Any CPU
	EndGlobalSection
	GlobalSection(SolutionProperties) = preSolution
		HideSolutionNode = FALSE
	EndGlobalSection
	GlobalSection(ExtensibilityGlobals) = postSolution
		SolutionGuid = {A142E8F6-8D01-4B5B-B05F-596208091BF5}
	EndGlobalSection
EndGlobal
