
Microsoft Visual Studio Solution File, Format Version 12.00
# Visual Studio Version 16
VisualStudioVersion = 25.0.1705.0
MinimumVisualStudioVersion = 10.0.40219.1
Project("{FAE04EC0-301F-11D3-BF4B-00C04F79EFBC}") = "ex_003", "ex_003\ex_003.csproj", "{BD70FC1A-9B58-48A4-9E55-7652E3B44247}"
EndProject
Global
	GlobalSection(SolutionConfigurationPlatforms) = preSolution
		Debug|Any CPU = Debug|Any CPU
		Release|Any CPU = Release|Any CPU
	EndGlobalSection
	GlobalSection(ProjectConfigurationPlatforms) = postSolution
		{BD70FC1A-9B58-48A4-9E55-7652E3B44247}.Debug|Any CPU.ActiveCfg = Debug|Any CPU
		{BD70FC1A-9B58-48A4-9E55-7652E3B44247}.Debug|Any CPU.Build.0 = Debug|Any CPU
		{BD70FC1A-9B58-48A4-9E55-7652E3B44247}.Release|Any CPU.ActiveCfg = Release|Any CPU
		{BD70FC1A-9B58-48A4-9E55-7652E3B44247}.Release|Any CPU.Build.0 = Release|Any CPU
	EndGlobalSection
	GlobalSection(SolutionProperties) = preSolution
		HideSolutionNode = FALSE
	EndGlobalSection
	GlobalSection(ExtensibilityGlobals) = postSolution
		SolutionGuid = {8F3B2A7B-EB0F-4FD5-997D-699C5611944A}
	EndGlobalSection
EndGlobal
