
Microsoft Visual Studio Solution File, Format Version 12.00
# Visual Studio Version 16
VisualStudioVersion = 25.0.1704.3
MinimumVisualStudioVersion = 10.0.40219.1
Project("{FAE04EC0-301F-11D3-BF4B-00C04F79EFBC}") = "ex_003_.ex_004_.ex_005", "ex_003_.ex_004_.ex_005.csproj", "{6E9A891A-D65D-4749-812B-6D2A7AC77787}"
EndProject
Global
	GlobalSection(SolutionConfigurationPlatforms) = preSolution
		Debug|Any CPU = Debug|Any CPU
		Release|Any CPU = Release|Any CPU
	EndGlobalSection
	GlobalSection(ProjectConfigurationPlatforms) = postSolution
		{6E9A891A-D65D-4749-812B-6D2A7AC77787}.Debug|Any CPU.ActiveCfg = Debug|Any CPU
		{6E9A891A-D65D-4749-812B-6D2A7AC77787}.Debug|Any CPU.Build.0 = Debug|Any CPU
		{6E9A891A-D65D-4749-812B-6D2A7AC77787}.Release|Any CPU.ActiveCfg = Release|Any CPU
		{6E9A891A-D65D-4749-812B-6D2A7AC77787}.Release|Any CPU.Build.0 = Release|Any CPU
	EndGlobalSection
	GlobalSection(SolutionProperties) = preSolution
		HideSolutionNode = FALSE
	EndGlobalSection
	GlobalSection(ExtensibilityGlobals) = postSolution
		SolutionGuid = {E88ECA5A-A60B-4420-B319-191B99DFD28A}
	EndGlobalSection
EndGlobal
