
Microsoft Visual Studio Solution File, Format Version 12.00
# Visual Studio Version 16
VisualStudioVersion = 25.0.1705.3
MinimumVisualStudioVersion = 10.0.40219.1
Project("{FAE04EC0-301F-11D3-BF4B-00C04F79EFBC}") = "ex_003", "ex_003\ex_003.csproj", "{D2E7794C-5C44-413E-AAEC-7999A9B27FFA}"
EndProject
Global
	GlobalSection(SolutionConfigurationPlatforms) = preSolution
		Debug|Any CPU = Debug|Any CPU
		Release|Any CPU = Release|Any CPU
	EndGlobalSection
	GlobalSection(ProjectConfigurationPlatforms) = postSolution
		{D2E7794C-5C44-413E-AAEC-7999A9B27FFA}.Debug|Any CPU.ActiveCfg = Debug|Any CPU
		{D2E7794C-5C44-413E-AAEC-7999A9B27FFA}.Debug|Any CPU.Build.0 = Debug|Any CPU
		{D2E7794C-5C44-413E-AAEC-7999A9B27FFA}.Release|Any CPU.ActiveCfg = Release|Any CPU
		{D2E7794C-5C44-413E-AAEC-7999A9B27FFA}.Release|Any CPU.Build.0 = Release|Any CPU
	EndGlobalSection
	GlobalSection(SolutionProperties) = preSolution
		HideSolutionNode = FALSE
	EndGlobalSection
	GlobalSection(ExtensibilityGlobals) = postSolution
		SolutionGuid = {D1E99562-0CC3-4D82-BFEC-61070CF56E73}
	EndGlobalSection
EndGlobal
