
Microsoft Visual Studio Solution File, Format Version 12.00
# Visual Studio Version 17
VisualStudioVersion = 17.5.002.0
MinimumVisualStudioVersion = 10.0.40219.1
Project("{9A19103F-16F7-4668-BE54-9A1E7A4F7556}") = "exerciciosAPI", "exerciciosAPI.csproj", "{497BA2E5-D9D2-4936-B68E-56F8F35F3F1A}"
EndProject
Global
	GlobalSection(SolutionConfigurationPlatforms) = preSolution
		Debug|Any CPU = Debug|Any CPU
		Release|Any CPU = Release|Any CPU
	EndGlobalSection
	GlobalSection(ProjectConfigurationPlatforms) = postSolution
		{497BA2E5-D9D2-4936-B68E-56F8F35F3F1A}.Debug|Any CPU.ActiveCfg = Debug|Any CPU
		{497BA2E5-D9D2-4936-B68E-56F8F35F3F1A}.Debug|Any CPU.Build.0 = Debug|Any CPU
		{497BA2E5-D9D2-4936-B68E-56F8F35F3F1A}.Release|Any CPU.ActiveCfg = Release|Any CPU
		{497BA2E5-D9D2-4936-B68E-56F8F35F3F1A}.Release|Any CPU.Build.0 = Release|Any CPU
	EndGlobalSection
	GlobalSection(SolutionProperties) = preSolution
		HideSolutionNode = FALSE
	EndGlobalSection
	GlobalSection(ExtensibilityGlobals) = postSolution
		SolutionGuid = {AA3D5322-03BF-4107-99F4-F7ADB138696B}
	EndGlobalSection
EndGlobal
