
Microsoft Visual Studio Solution File, Format Version 12.00
# Visual Studio Version 16
VisualStudioVersion = 25.0.1704.3
MinimumVisualStudioVersion = 10.0.40219.1
Project("{FAE04EC0-301F-11D3-BF4B-00C04F79EFBC}") = "ex_005", "ex_005\ex_005.csproj", "{E53C0605-CEAA-4D9E-9FAB-8936CE0E3C3C}"
EndProject
Global
	GlobalSection(SolutionConfigurationPlatforms) = preSolution
		Debug|Any CPU = Debug|Any CPU
		Release|Any CPU = Release|Any CPU
	EndGlobalSection
	GlobalSection(ProjectConfigurationPlatforms) = postSolution
		{E53C0605-CEAA-4D9E-9FAB-8936CE0E3C3C}.Debug|Any CPU.ActiveCfg = Debug|Any CPU
		{E53C0605-CEAA-4D9E-9FAB-8936CE0E3C3C}.Debug|Any CPU.Build.0 = Debug|Any CPU
		{E53C0605-CEAA-4D9E-9FAB-8936CE0E3C3C}.Release|Any CPU.ActiveCfg = Release|Any CPU
		{E53C0605-CEAA-4D9E-9FAB-8936CE0E3C3C}.Release|Any CPU.Build.0 = Release|Any CPU
	EndGlobalSection
	GlobalSection(SolutionProperties) = preSolution
		HideSolutionNode = FALSE
	EndGlobalSection
	GlobalSection(ExtensibilityGlobals) = postSolution
		SolutionGuid = {17F6B698-8884-4B82-90BA-248EF0C344FA}
	EndGlobalSection
EndGlobal
